
Microsoft Visual Studio Solution File, Format Version 12.00
# Visual Studio Version 17
VisualStudioVersion = 17.4.33213.308
MinimumVisualStudioVersion = 10.0.40219.1
Project("{FAE04EC0-301F-11D3-BF4B-00C04F79EFBC}") = "pro3", "pro3\pro3.csproj", "{80D31AB4-4631-457F-BA03-507B64C55F87}"
EndProject
Global
	GlobalSection(SolutionConfigurationPlatforms) = preSolution
		Debug|Any CPU = Debug|Any CPU
		Release|Any CPU = Release|Any CPU
	EndGlobalSection
	GlobalSection(ProjectConfigurationPlatforms) = postSolution
		{80D31AB4-4631-457F-BA03-507B64C55F87}.Debug|Any CPU.ActiveCfg = Debug|Any CPU
		{80D31AB4-4631-457F-BA03-507B64C55F87}.Debug|Any CPU.Build.0 = Debug|Any CPU
		{80D31AB4-4631-457F-BA03-507B64C55F87}.Release|Any CPU.ActiveCfg = Release|Any CPU
		{80D31AB4-4631-457F-BA03-507B64C55F87}.Release|Any CPU.Build.0 = Release|Any CPU
	EndGlobalSection
	GlobalSection(SolutionProperties) = preSolution
		HideSolutionNode = FALSE
	EndGlobalSection
	GlobalSection(ExtensibilityGlobals) = postSolution
		SolutionGuid = {203A93CB-E0ED-4A89-B611-C8DFBE6F3E2F}
	EndGlobalSection
EndGlobal
